Microsoft Visual Studio Solution File, Format Version 12.00
# Visual Studio Version 17
VisualStudioVersion = 17.5.2.0
MinimumVisualStudioVersion = 10.0.40219.1
Project("{FAE04EC0-301F-11D3-BF4B-00C04F79EFBC}") = "Bank_Account_Simulation", "Bank_Account_Simulation.csproj", "{792E5D65-EF0C-9636-B18B-978F266C853F}"
EndProject
Global
	GlobalSection(SolutionConfigurationPlatforms) = preSolution
		Debug|Any CPU = Debug|Any CPU
		Release|Any CPU = Release|Any CPU
	EndGlobalSection
	GlobalSection(ProjectConfigurationPlatforms) = postSolution
		{792E5D65-EF0C-9636-B18B-978F266C853F}.Debug|Any CPU.ActiveCfg = Debug|Any CPU
		{792E5D65-EF0C-9636-B18B-978F266C853F}.Debug|Any CPU.Build.0 = Debug|Any CPU
		{792E5D65-EF0C-9636-B18B-978F266C853F}.Release|Any CPU.ActiveCfg = Release|Any CPU
		{792E5D65-EF0C-9636-B18B-978F266C853F}.Release|Any CPU.Build.0 = Release|Any CPU
	EndGlobalSection
	GlobalSection(SolutionProperties) = preSolution
		HideSolutionNode = FALSE
	EndGlobalSection
	GlobalSection(ExtensibilityGlobals) = postSolution
		SolutionGuid = {1BCEBCA1-524B-47C3-884E-6F881C9F8AAB}
	EndGlobalSection
EndGlobal
